
Microsoft Visual Studio Solution File, Format Version 12.00
# Visual Studio 15
Project("{FAE04EC0-301F-11D3-BF4B-00C04F79EFBC}") = "Lab_3", "Lab_3\Lab_3.csproj", "{9DCA16C5-59CD-437B-A0C1-7D2D07DC1B3B}"
EndProject
Global
	GlobalSection(SolutionConfigurationPlatforms) = preSolution
		Debug|anycpu = Debug|anycpu
		Release|anycpu = Release|anycpu
	EndGlobalSection
	GlobalSection(ProjectConfigurationPlatforms) = postSolution
		{9DCA16C5-59CD-437B-A0C1-7D2D07DC1B3B}.Debug|anycpu.ActiveCfg = Debug|anycpu
		{9DCA16C5-59CD-437B-A0C1-7D2D07DC1B3B}.Debug|anycpu.Build.0 = Debug|anycpu
		{9DCA16C5-59CD-437B-A0C1-7D2D07DC1B3B}.Release|anycpu.ActiveCfg = Release|anycpu
		{9DCA16C5-59CD-437B-A0C1-7D2D07DC1B3B}.Release|anycpu.Build.0 = Release|anycpu
	EndGlobalSection
EndGlobal
