
Microsoft Visual Studio Solution File, Format Version 12.00
# Visual Studio 15
Project("{FAE04EC0-301F-11D3-BF4B-00C04F79EFBC}") = "Lab21", "Lab20\Lab21.csproj", "{B0801F31-AC7E-41BF-976E-E96DBE6BD75D}"
EndProject
Global
	GlobalSection(SolutionConfigurationPlatforms) = preSolution
		Debug|Any CPU = Debug|Any CPU
		Release|Any CPU = Release|Any CPU
	EndGlobalSection
	GlobalSection(ProjectConfigurationPlatforms) = postSolution
		{B0801F31-AC7E-41BF-976E-E96DBE6BD75D}.Debug|Any CPU.ActiveCfg = Debug|Any CPU
		{B0801F31-AC7E-41BF-976E-E96DBE6BD75D}.Debug|Any CPU.Build.0 = Debug|Any CPU
		{B0801F31-AC7E-41BF-976E-E96DBE6BD75D}.Release|Any CPU.ActiveCfg = Release|Any CPU
		{B0801F31-AC7E-41BF-976E-E96DBE6BD75D}.Release|Any CPU.Build.0 = Release|Any CPU
	EndGlobalSection
EndGlobal
